
Microsoft Visual Studio Solution File, Format Version 12.00
# Visual Studio Version 17
VisualStudioVersion = 17.0.31903.59
MinimumVisualStudioVersion = 10.0.40219.1
Project("{FAE04EC0-301F-11D3-BF4B-00C04F79EFBC}") = "AuthService.API", "AuthService.API\AuthService.API.csproj", "{2B1F5959-4F54-4771-B41B-CC2344B8C9D8}"
EndProject
Project("{FAE04EC0-301F-11D3-BF4B-00C04F79EFBC}") = "AuthService.Domain", "AuthService.Domain\AuthService.Domain.csproj", "{3417DAD2-C466-43DB-8866-7E5C016B7A58}"
EndProject
Project("{FAE04EC0-301F-11D3-BF4B-00C04F79EFBC}") = "AuthService.Persistense", "AuthService.Persistense\AuthService.Persistense.csproj", "{373B7F93-CA57-454B-80E1-B8E346ED4B20}"
EndProject
Project("{FAE04EC0-301F-11D3-BF4B-00C04F79EFBC}") = "AuthService.Application", "AuthService.Application\AuthService.Application.csproj", "{326C6ECB-94A6-4F7D-BA1A-6CE18E33720F}"
EndProject
Global
	GlobalSection(SolutionConfigurationPlatforms) = preSolution
		Debug|Any CPU = Debug|Any CPU
		Release|Any CPU = Release|Any CPU
	EndGlobalSection
	GlobalSection(SolutionProperties) = preSolution
		HideSolutionNode = FALSE
	EndGlobalSection
	GlobalSection(ProjectConfigurationPlatforms) = postSolution
		{2B1F5959-4F54-4771-B41B-CC2344B8C9D8}.Debug|Any CPU.ActiveCfg = Debug|Any CPU
		{2B1F5959-4F54-4771-B41B-CC2344B8C9D8}.Debug|Any CPU.Build.0 = Debug|Any CPU
		{2B1F5959-4F54-4771-B41B-CC2344B8C9D8}.Release|Any CPU.ActiveCfg = Release|Any CPU
		{2B1F5959-4F54-4771-B41B-CC2344B8C9D8}.Release|Any CPU.Build.0 = Release|Any CPU
		{3417DAD2-C466-43DB-8866-7E5C016B7A58}.Debug|Any CPU.ActiveCfg = Debug|Any CPU
		{3417DAD2-C466-43DB-8866-7E5C016B7A58}.Debug|Any CPU.Build.0 = Debug|Any CPU
		{3417DAD2-C466-43DB-8866-7E5C016B7A58}.Release|Any CPU.ActiveCfg = Release|Any CPU
		{3417DAD2-C466-43DB-8866-7E5C016B7A58}.Release|Any CPU.Build.0 = Release|Any CPU
		{373B7F93-CA57-454B-80E1-B8E346ED4B20}.Debug|Any CPU.ActiveCfg = Debug|Any CPU
		{373B7F93-CA57-454B-80E1-B8E346ED4B20}.Debug|Any CPU.Build.0 = Debug|Any CPU
		{373B7F93-CA57-454B-80E1-B8E346ED4B20}.Release|Any CPU.ActiveCfg = Release|Any CPU
		{373B7F93-CA57-454B-80E1-B8E346ED4B20}.Release|Any CPU.Build.0 = Release|Any CPU
		{326C6ECB-94A6-4F7D-BA1A-6CE18E33720F}.Debug|Any CPU.ActiveCfg = Debug|Any CPU
		{326C6ECB-94A6-4F7D-BA1A-6CE18E33720F}.Debug|Any CPU.Build.0 = Debug|Any CPU
		{326C6ECB-94A6-4F7D-BA1A-6CE18E33720F}.Release|Any CPU.ActiveCfg = Release|Any CPU
		{326C6ECB-94A6-4F7D-BA1A-6CE18E33720F}.Release|Any CPU.Build.0 = Release|Any CPU
	EndGlobalSection
EndGlobal
